PODS:
  - Alamofire (4.2.0)
  - FMDB (2.6.2):
    - FMDB/standard (= 2.6.2)
  - FMDB/standard (2.6.2)
  - iCarousel (1.8.3)
  - ObjcExceptionBridging (1.0.1):
    - ObjcExceptionBridging/ObjcExceptionBridging (= 1.0.1)
  - ObjcExceptionBridging/ObjcExceptionBridging (1.0.1)
  - RxSwift (3.1.0)
  - SnapKit (3.0.2)
  - XCGLogger (5.0.1):
    - XCGLogger/Core (= 5.0.1)
  - XCGLogger/Core (5.0.1):
    - ObjcExceptionBridging

DEPENDENCIES:
  - Alamofire (~> 4.2.0)
  - FMDB
  - iCarousel (~> 1.8.3)
  - RxSwift (~> 3.1.0)
  - SnapKit (~> 3.0.2)
  - XCGLogger

SPEC CHECKSUMS:
  Alamofire: aa2e09d871c9160ac53c90e83c68064a94e3dfbe
  FMDB: 854a0341b4726e53276f2a8996f06f1b80f9259a
  iCarousel: d782f635afac190c49bb8ee455882284cff8b85f
  ObjcExceptionBridging: c30e00eb3700467e695faeea30e26e18bd445001
  RxSwift: 83ff553e7593fdfdcb2562933a64c0284dffdadc
  SnapKit: 2e456761aa92d4d4067a7a5594c18769d451a8ad
  XCGLogger: 0b43697155d41e4a1b15fc776f319c2141646b09

PODFILE CHECKSUM: 7164f16408f75e0db06442385ff63278bff2d40a

COCOAPODS: 1.1.1
